Microsoft Visual Studio Solution File, Format Version 12.00
# Visual Studio Version 17
VisualStudioVersion = 17.5.2.0
MinimumVisualStudioVersion = 10.0.40219.1
Project("{FAE04EC0-301F-11D3-BF4B-00C04F79EFBC}") = "LanguageExt.JsonSerializer", "LanguageExt.JsonSerializer\LanguageExt.JsonSerializer.csproj", "{7D398E40-A99B-712B-D1F0-1174BB695895}"
EndProject
Project("{FAE04EC0-301F-11D3-BF4B-00C04F79EFBC}") = "SerializerTest", "SerializerTest\SerializerTest.csproj", "{E1A97716-C420-6D40-8C52-5CB53BE5152E}"
EndProject
Global
	GlobalSection(SolutionConfigurationPlatforms) = preSolution
		Debug|Any CPU = Debug|Any CPU
		Release|Any CPU = Release|Any CPU
	EndGlobalSection
	GlobalSection(ProjectConfigurationPlatforms) = postSolution
		{7D398E40-A99B-712B-D1F0-1174BB695895}.Debug|Any CPU.ActiveCfg = Debug|Any CPU
		{7D398E40-A99B-712B-D1F0-1174BB695895}.Debug|Any CPU.Build.0 = Debug|Any CPU
		{7D398E40-A99B-712B-D1F0-1174BB695895}.Release|Any CPU.ActiveCfg = Release|Any CPU
		{7D398E40-A99B-712B-D1F0-1174BB695895}.Release|Any CPU.Build.0 = Release|Any CPU
		{E1A97716-C420-6D40-8C52-5CB53BE5152E}.Debug|Any CPU.ActiveCfg = Debug|Any CPU
		{E1A97716-C420-6D40-8C52-5CB53BE5152E}.Debug|Any CPU.Build.0 = Debug|Any CPU
		{E1A97716-C420-6D40-8C52-5CB53BE5152E}.Release|Any CPU.ActiveCfg = Release|Any CPU
		{E1A97716-C420-6D40-8C52-5CB53BE5152E}.Release|Any CPU.Build.0 = Release|Any CPU
	EndGlobalSection
	GlobalSection(SolutionProperties) = preSolution
		HideSolutionNode = FALSE
	EndGlobalSection
	GlobalSection(ExtensibilityGlobals) = postSolution
		SolutionGuid = {621CABEF-9487-40A7-B1D3-B5397547F633}
	EndGlobalSection
EndGlobal
